
Microsoft Visual Studio Solution File, Format Version 12.00
# Visual Studio Version 17
VisualStudioVersion = 17.14.36915.13 d17.14
MinimumVisualStudioVersion = 10.0.40219.1
Project("{FAE04EC0-301F-11D3-BF4B-00C04F79EFBC}") = "Assignment 1", "Assignment 1\Assignment 1.csproj", "{9064BCBF-0115-4FE4-ABF5-D4B4D74CAA79}"
EndProject
Global
	GlobalSection(SolutionConfigurationPlatforms) = preSolution
		Debug|Any CPU = Debug|Any CPU
		Release|Any CPU = Release|Any CPU
	EndGlobalSection
	GlobalSection(ProjectConfigurationPlatforms) = postSolution
		{9064BCBF-0115-4FE4-ABF5-D4B4D74CAA79}.Debug|Any CPU.ActiveCfg = Debug|Any CPU
		{9064BCBF-0115-4FE4-ABF5-D4B4D74CAA79}.Debug|Any CPU.Build.0 = Debug|Any CPU
		{9064BCBF-0115-4FE4-ABF5-D4B4D74CAA79}.Release|Any CPU.ActiveCfg = Release|Any CPU
		{9064BCBF-0115-4FE4-ABF5-D4B4D74CAA79}.Release|Any CPU.Build.0 = Release|Any CPU
	EndGlobalSection
	GlobalSection(SolutionProperties) = preSolution
		HideSolutionNode = FALSE
	EndGlobalSection
	GlobalSection(ExtensibilityGlobals) = postSolution
		SolutionGuid = {C11FEF2B-70D8-4FCA-ACA9-BD3CB82F00FC}
	EndGlobalSection
EndGlobal
